
Microsoft Visual Studio Solution File, Format Version 12.00
# Visual Studio Version 16
VisualStudioVersion = 16.0.30804.86
MinimumVisualStudioVersion = 10.0.40219.1
Project("{9A19103F-16F7-4668-BE54-9A1E7A4F7556}") = "Web", "Web\Web.csproj", "{7D3BC86B-E3F2-4EC2-BFEB-8F60FEED57E1}"
EndProject
Project("{9A19103F-16F7-4668-BE54-9A1E7A4F7556}") = "Logic", "Logic\Logic.csproj", "{77754040-015B-4DF9-8919-8E068C362E23}"
EndProject
Project("{2150E333-8FDC-42A3-9474-1A3956D46DE8}") = "tests", "tests", "{669C0133-85B0-4E84-BB8E-2CD4AA8F208C}"
EndProject
Project("{9A19103F-16F7-4668-BE54-9A1E7A4F7556}") = "UnitTests", "UnitTests\UnitTests.csproj", "{4C696D03-F33B-4AEE-889F-15B9116F46F4}"
EndProject
Project("{FAE04EC0-301F-11D3-BF4B-00C04F79EFBC}") = "IntegrationTests", "IntegrationTests\IntegrationTests.csproj", "{9625C8FC-8711-4A33-BF5A-B0C3387B92FD}"
EndProject
Global
	GlobalSection(SolutionConfigurationPlatforms) = preSolution
		Debug|Any CPU = Debug|Any CPU
		Release|Any CPU = Release|Any CPU
	EndGlobalSection
	GlobalSection(ProjectConfigurationPlatforms) = postSolution
		{7D3BC86B-E3F2-4EC2-BFEB-8F60FEED57E1}.Debug|Any CPU.ActiveCfg = Debug|Any CPU
		{7D3BC86B-E3F2-4EC2-BFEB-8F60FEED57E1}.Debug|Any CPU.Build.0 = Debug|Any CPU
		{7D3BC86B-E3F2-4EC2-BFEB-8F60FEED57E1}.Release|Any CPU.ActiveCfg = Release|Any CPU
		{7D3BC86B-E3F2-4EC2-BFEB-8F60FEED57E1}.Release|Any CPU.Build.0 = Release|Any CPU
		{77754040-015B-4DF9-8919-8E068C362E23}.Debug|Any CPU.ActiveCfg = Debug|Any CPU
		{77754040-015B-4DF9-8919-8E068C362E23}.Debug|Any CPU.Build.0 = Debug|Any CPU
		{77754040-015B-4DF9-8919-8E068C362E23}.Release|Any CPU.ActiveCfg = Release|Any CPU
		{77754040-015B-4DF9-8919-8E068C362E23}.Release|Any CPU.Build.0 = Release|Any CPU
		{4C696D03-F33B-4AEE-889F-15B9116F46F4}.Debug|Any CPU.ActiveCfg = Debug|Any CPU
		{4C696D03-F33B-4AEE-889F-15B9116F46F4}.Debug|Any CPU.Build.0 = Debug|Any CPU
		{4C696D03-F33B-4AEE-889F-15B9116F46F4}.Release|Any CPU.ActiveCfg = Release|Any CPU
		{4C696D03-F33B-4AEE-889F-15B9116F46F4}.Release|Any CPU.Build.0 = Release|Any CPU
		{9625C8FC-8711-4A33-BF5A-B0C3387B92FD}.Debug|Any CPU.ActiveCfg = Debug|Any CPU
		{9625C8FC-8711-4A33-BF5A-B0C3387B92FD}.Debug|Any CPU.Build.0 = Debug|Any CPU
		{9625C8FC-8711-4A33-BF5A-B0C3387B92FD}.Release|Any CPU.ActiveCfg = Release|Any CPU
		{9625C8FC-8711-4A33-BF5A-B0C3387B92FD}.Release|Any CPU.Build.0 = Release|Any CPU
	EndGlobalSection
	GlobalSection(SolutionProperties) = preSolution
		HideSolutionNode = FALSE
	EndGlobalSection
	GlobalSection(NestedProjects) = preSolution
		{4C696D03-F33B-4AEE-889F-15B9116F46F4} = {669C0133-85B0-4E84-BB8E-2CD4AA8F208C}
		{9625C8FC-8711-4A33-BF5A-B0C3387B92FD} = {669C0133-85B0-4E84-BB8E-2CD4AA8F208C}
	EndGlobalSection
	GlobalSection(ExtensibilityGlobals) = postSolution
		SolutionGuid = {92D77EAA-E3F9-4BD6-A14D-14AA34D94463}
	EndGlobalSection
EndGlobal
